// !$*UTF8*$!
{
	archiveVersion = 1;
	classes = {
	};
	objectVersion = 51;
	objects = {

/* Begin PBXBuildFile section */
		7967383325E1B259009C532A /* MoviesDetailsViewController.swift in Sources */ = {isa = PBXBuildFile; fileRef = 7967383225E1B259009C532A /* MoviesDetailsViewController.swift */; };
		7967383625E1CF55009C532A /* MovieGridViewController.swift in Sources */ = {isa = PBXBuildFile; fileRef = 7967383525E1CF55009C532A /* MovieGridViewController.swift */; };
		7967383925E1D5E7009C532A /* MovieGridCell.swift in Sources */ = {isa = PBXBuildFile; fileRef = 7967383825E1D5E7009C532A /* MovieGridCell.swift */; };
		7989E67725D6907900CE21A8 /* AppDelegate.swift in Sources */ = {isa = PBXBuildFile; fileRef = 7989E67625D6907900CE21A8 /* AppDelegate.swift */; };
		7989E67925D6907900CE21A8 /* SceneDelegate.swift in Sources */ = {isa = PBXBuildFile; fileRef = 7989E67825D6907900CE21A8 /* SceneDelegate.swift */; };
		7989E67E25D6907900CE21A8 /* Main.storyboard in Resources */ = {isa = PBXBuildFile; fileRef = 7989E67C25D6907900CE21A8 /* Main.storyboard */; };
		7989E68025D6907A00CE21A8 /* Assets.xcassets in Resources */ = {isa = PBXBuildFile; fileRef = 7989E67F25D6907A00CE21A8 /* Assets.xcassets */; };
		7989E68325D6907A00CE21A8 /* LaunchScreen.storyboard in Resources */ = {isa = PBXBuildFile; fileRef = 7989E68125D6907A00CE21A8 /* LaunchScreen.storyboard */; };
		7989E69225D6949900CE21A8 /* MoviesViewController.swift in Sources */ = {isa = PBXBuildFile; fileRef = 7989E69125D6949900CE21A8 /* MoviesViewController.swift */; };
		7989E69525D6D01600CE21A8 /* MovieCell.swift in Sources */ = {isa = PBXBuildFile; fileRef = 7989E69425D6D01600CE21A8 /* MovieCell.swift */; };
		B51640D79D71C33AD06F1269 /* Pods_flixster.framework in Frameworks */ = {isa = PBXBuildFile; fileRef = 2BBC1DBE33E5B647F092BCD2 /* Pods_flixster.framework */; };
/* End PBXBuildFile section */

/* Begin PBXFileReference section */
		2BBC1DBE33E5B647F092BCD2 /* Pods_flixster.framework */ = {isa = PBXFileReference; explicitFileType = wrapper.framework; includeInIndex = 0; path = Pods_flixster.framework; sourceTree = BUILT_PRODUCTS_DIR; };
		7967383225E1B259009C532A /* MoviesDetailsViewController.swift */ = {isa = PBXFileReference; lastKnownFileType = sourcecode.swift; path = MoviesDetailsViewController.swift; sourceTree = "<group>"; };
		7967383525E1CF55009C532A /* MovieGridViewController.swift */ = {isa = PBXFileReference; lastKnownFileType = sourcecode.swift; path = MovieGridViewController.swift; sourceTree = "<group>"; };
		7967383825E1D5E7009C532A /* MovieGridCell.swift */ = {isa = PBXFileReference; lastKnownFileType = sourcecode.swift; path = MovieGridCell.swift; sourceTree = "<group>"; };
		7989E67325D6907900CE21A8 /* flixster.app */ = {isa = PBXFileReference; explicitFileType = wrapper.application; includeInIndex = 0; path = flixster.app; sourceTree = BUILT_PRODUCTS_DIR; };
		7989E67625D6907900CE21A8 /* AppDelegate.swift */ = {isa = PBXFileReference; lastKnownFileType = sourcecode.swift; path = AppDelegate.swift; sourceTree = "<group>"; };
		7989E67825D6907900CE21A8 /* SceneDelegate.swift */ = {isa = PBXFileReference; lastKnownFileType = sourcecode.swift; path = SceneDelegate.swift; sourceTree = "<group>"; };
		7989E67D25D6907900CE21A8 /* Base */ = {isa = PBXFileReference; lastKnownFileType = file.storyboard; name = Base; path = Base.lproj/Main.storyboard; sourceTree = "<group>"; };
		7989E67F25D6907A00CE21A8 /* Assets.xcassets */ = {isa = PBXFileReference; lastKnownFileType = folder.assetcatalog; path = Assets.xcassets; sourceTree = "<group>"; };
		7989E68225D6907A00CE21A8 /* Base */ = {isa = PBXFileReference; lastKnownFileType = file.storyboard; name = Base; path = Base.lproj/LaunchScreen.storyboard; sourceTree = "<group>"; };
		7989E68425D6907A00CE21A8 /* Info.plist */ = {isa = PBXFileReference; lastKnownFileType = text.plist.xml; path = Info.plist; sourceTree = "<group>"; };
		7989E69125D6949900CE21A8 /* MoviesViewController.swift */ = {isa = PBXFileReference; lastKnownFileType = sourcecode.swift; path = MoviesViewController.swift; sourceTree = "<group>"; };
		7989E69425D6D01600CE21A8 /* MovieCell.swift */ = {isa = PBXFileReference; lastKnownFileType = sourcecode.swift; path = MovieCell.swift; sourceTree = "<group>"; };
		B2E9BB1F1DBEA3F19E7A1D6D /* Pods-flixster.release.xcconfig */ = {isa = PBXFileReference; includeInIndex = 1; lastKnownFileType = text.xcconfig; name = "Pods-flixster.release.xcconfig"; path = "Target Support Files/Pods-flixster/Pods-flixster.release.xcconfig"; sourceTree = "<group>"; };
		C6307603F731024D52E38808 /* Pods-flixster.debug.xcconfig */ = {isa = PBXFileReference; includeInIndex = 1; lastKnownFileType = text.xcconfig; name = "Pods-flixster.debug.xcconfig"; path = "Target Support Files/Pods-flixster/Pods-flixster.debug.xcconfig"; sourceTree = "<group>"; };
/* End PBXFileReference section */

/* Begin PBXFrameworksBuildPhase section */
		7989E67025D6907900CE21A8 /* Frameworks */ = {
			isa = PBXFrameworksBuildPhase;
			buildActionMask = 2147483647;
			files = (
				B51640D79D71C33AD06F1269 /* Pods_flixster.framework in Frameworks */,
			);
			runOnlyForDeploymentPostprocessing = 0;
		};
/* End PBXFrameworksBuildPhase section */

/* Begin PBXGroup section */
		34A204DFF891BD13E093DDC9 /* Frameworks */ = {
			isa = PBXGroup;
			children = (
				2BBC1DBE33E5B647F092BCD2 /* Pods_flixster.framework */,
			);
			name = Frameworks;
			sourceTree = "<group>";
		};
		7989E66A25D6907900CE21A8 = {
			isa = PBXGroup;
			children = (
				7989E67525D6907900CE21A8 /* flixster */,
				7989E67425D6907900CE21A8 /* Products */,
				F088E4CC396A1E3EED0E09C7 /* Pods */,
				34A204DFF891BD13E093DDC9 /* Frameworks */,
			);
			sourceTree = "<group>";
		};
		7989E67425D6907900CE21A8 /* Products */ = {
			isa = PBXGroup;
			children = (
				7989E67325D6907900CE21A8 /* flixster.app */,
			);
			name = Products;
			sourceTree = "<group>";
		};
		7989E67525D6907900CE21A8 /* flixster */ = {
			isa = PBXGroup;
			children = (
				7989E67625D6907900CE21A8 /* AppDelegate.swift */,
				7989E67825D6907900CE21A8 /* SceneDelegate.swift */,
				7989E67C25D6907900CE21A8 /* Main.storyboard */,
				7967383825E1D5E7009C532A /* MovieGridCell.swift */,
				7967383525E1CF55009C532A /* MovieGridViewController.swift */,
				7967383225E1B259009C532A /* MoviesDetailsViewController.swift */,
				7989E69425D6D01600CE21A8 /* MovieCell.swift */,
				7989E69125D6949900CE21A8 /* MoviesViewController.swift */,
				7989E67F25D6907A00CE21A8 /* Assets.xcassets */,
				7989E68125D6907A00CE21A8 /* LaunchScreen.storyboard */,
				7989E68425D6907A00CE21A8 /* Info.plist */,
			);
			path = flixster;
			sourceTree = "<group>";
		};
		F088E4CC396A1E3EED0E09C7 /* Pods */ = {
			isa = PBXGroup;
			children = (
				C6307603F731024D52E38808 /* Pods-flixster.debug.xcconfig */,
				B2E9BB1F1DBEA3F19E7A1D6D /* Pods-flixster.release.xcconfig */,
			);
			path = Pods;
			sourceTree = "<group>";
		};
/* End PBXGroup section */

/* Begin PBXNativeTarget section */
		7989E67225D6907900CE21A8 /* flixster */ = {
			isa = PBXNativeTarget;
			buildConfigurationList = 7989E68725D6907A00CE21A8 /* Build configuration list for PBXNativeTarget "flixster" */;
			buildPhases = (
				C4A606DC421870FD2FC4219B /* [CP] Check Pods Manifest.lock */,
				7989E66F25D6907900CE21A8 /* Sources */,
				7989E67025D6907900CE21A8 /* Frameworks */,
				7989E67125D6907900CE21A8 /* Resources */,
				8982EBB6A1890232D821669F /* [CP] Embed Pods Frameworks */,
			);
			buildRules = (
			);
			dependencies = (
			);
			name = flixster;
			productName = flixster;
			productReference = 7989E67325D6907900CE21A8 /* flixster.app */;
			productType = "com.apple.product-type.application";
		};
/* End PBXNativeTarget section */

/* Begin PBXProject section */
		7989E66B25D6907900CE21A8 /* Project object */ = {
			isa = PBXProject;
			attributes = {
				LastSwiftUpdateCheck = 1240;
				LastUpgradeCheck = 1240;
				TargetAttributes = {
					7989E67225D6907900CE21A8 = {
						CreatedOnToolsVersion = 12.4;
					};
				};
			};
			buildConfigurationList = 7989E66E25D6907900CE21A8 /* Build configuration list for PBXProject "flixster" */;
			compatibilityVersion = "Xcode 9.3";
			developmentRegion = en;
			hasScannedForEncodings = 0;
			knownRegions = (
				en,
				Base,
			);
			mainGroup = 7989E66A25D6907900CE21A8;
			productRefGroup = 7989E67425D6907900CE21A8 /* Products */;
			projectDirPath = "";
			projectRoot = "";
			targets = (
				7989E67225D6907900CE21A8 /* flixster */,
			);
		};
/* End PBXProject section */

/* Begin PBXResourcesBuildPhase section */
		7989E67125D6907900CE21A8 /* Resources */ = {
			isa = PBXResourcesBuildPhase;
			buildActionMask = 2147483647;
			files = (
				7989E68325D6907A00CE21A8 /* LaunchScreen.storyboard in Resources */,
				7989E68025D6907A00CE21A8 /* Assets.xcassets in Resources */,
				7989E67E25D6907900CE21A8 /* Main.storyboard in Resources */,
			);
			runOnlyForDeploymentPostprocessing = 0;
		};
/* End PBXResourcesBuildPhase section */

/* Begin PBXShellScriptBuildPhase section */
		8982EBB6A1890232D821669F /* [CP] Embed Pods Frameworks */ = {
			isa = PBXShellScriptBuildPhase;
			buildActionMask = 2147483647;
			files = (
			);
			inputFileListPaths = (
				"${PODS_ROOT}/Target Support Files/Pods-flixster/Pods-flixster-frameworks-${CONFIGURATION}-input-files.xcfilelist",
			);
			name = "[CP] Embed Pods Frameworks";
			outputFileListPaths = (
				"${PODS_ROOT}/Target Support Files/Pods-flixster/Pods-flixster-frameworks-${CONFIGURATION}-output-files.xcfilelist",
			);
			runOnlyForDeploymentPostprocessing = 0;
			shellPath = /bin/sh;
			shellScript = "\"${PODS_ROOT}/Target Support Files/Pods-flixster/Pods-flixster-frameworks.sh\"\n";
			showEnvVarsInLog = 0;
		};
		C4A606DC421870FD2FC4219B /* [CP] Check Pods Manifest.lock */ = {
			isa = PBXShellScriptBuildPhase;
			buildActionMask = 2147483647;
			files = (
			);
			inputFileListPaths = (
			);
			inputPaths = (
				"${PODS_PODFILE_DIR_PATH}/Podfile.lock",
				"${PODS_ROOT}/Manifest.lock",
			);
			name = "[CP] Check Pods Manifest.lock";
			outputFileListPaths = (
			);
			outputPaths = (
				"$(DERIVED_FILE_DIR)/Pods-flixster-checkManifestLockResult.txt",
			);
			runOnlyForDeploymentPostprocessing = 0;
			shellPath = /bin/sh;
			shellScript = "diff \"${PODS_PODFILE_DIR_PATH}/Podfile.lock\" \"${PODS_ROOT}/Manifest.lock\" > /dev/null\nif [ $? != 0 ] ; then\n    # print error to STDERR\n    echo \"error: The sandbox is not in sync with the Podfile.lock. Run 'pod install' or update your CocoaPods installation.\" >&2\n    exit 1\nfi\n# This output is used by Xcode 'outputs' to avoid re-running this script phase.\necho \"SUCCESS\" > \"${SCRIPT_OUTPUT_FILE_0}\"\n";
			showEnvVarsInLog = 0;
		};
/* End PBXShellScriptBuildPhase section */

/* Begin PBXSourcesBuildPhase section */
		7989E66F25D6907900CE21A8 /* Sources */ = {
			isa = PBXSourcesBuildPhase;
			buildActionMask = 2147483647;
			files = (
				7989E67725D6907900CE21A8 /* AppDelegate.swift in Sources */,
				7989E67925D6907900CE21A8 /* SceneDelegate.swift in Sources */,
				7989E69525D6D01600CE21A8 /* MovieCell.swift in Sources */,
				7967383325E1B259009C532A /* MoviesDetailsViewController.swift in Sources */,
				7989E69225D6949900CE21A8 /* MoviesViewController.swift in Sources */,
				7967383625E1CF55009C532A /* MovieGridViewController.swift in Sources */,
				7967383925E1D5E7009C532A /* MovieGridCell.swift in Sources */,
			);
			runOnlyForDeploymentPostprocessing = 0;
		};
/* End PBXSourcesBuildPhase section */

/* Begin PBXVariantGroup section */
		7989E67C25D6907900CE21A8 /* Main.storyboard */ = {
			isa = PBXVariantGroup;
			children = (
				7989E67D25D6907900CE21A8 /* Base */,
			);
			name = Main.storyboard;
			sourceTree = "<group>";
		};
		7989E68125D6907A00CE21A8 /* LaunchScreen.storyboard */ = {
			isa = PBXVariantGroup;
			children = (
				7989E68225D6907A00CE21A8 /* Base */,
			);
			name = LaunchScreen.storyboard;
			sourceTree = "<group>";
		};
/* End PBXVariantGroup section */

/* Begin XCBuildConfiguration section */
		7989E68525D6907A00CE21A8 /* Debug */ = {
			isa = XCBuildConfiguration;
			buildSettings = {
				ALWAYS_SEARCH_USER_PATHS = NO;
				CLANG_ANALYZER_NONNULL = YES;
				CLANG_ANALYZER_NUMBER_OBJECT_CONVERSION = YES_AGGRESSIVE;
				CLANG_CXX_LANGUAGE_STANDARD = "gnu++14";
				CLANG_CXX_LIBRARY = "libc++";
				CLANG_ENABLE_MODULES = YES;
				CLANG_ENABLE_OBJC_ARC = YES;
				CLANG_ENABLE_OBJC_WEAK = YES;
				CLANG_WARN_BLOCK_CAPTURE_AUTORELEASING = YES;
				CLANG_WARN_BOOL_CONVERSION = YES;
				CLANG_WARN_COMMA = YES;
				CLANG_WARN_CONSTANT_CONVERSION = YES;
				CLANG_WARN_DEPRECATED_OBJC_IMPLEMENTATIONS = YES;
				CLANG_WARN_DIRECT_OBJC_ISA_USAGE = YES_ERROR;
				CLANG_WARN_DOCUMENTATION_COMMENTS = YES;
				CLANG_WARN_EMPTY_BODY = YES;
				CLANG_WARN_ENUM_CONVERSION = YES;
				CLANG_WARN_INFINITE_RECURSION = YES;
				CLANG_WARN_INT_CONVERSION = YES;
				CLANG_WARN_NON_LITERAL_NULL_CONVERSION = YES;
				CLANG_WARN_OBJC_IMPLICIT_RETAIN_SELF = YES;
				CLANG_WARN_OBJC_LITERAL_CONVERSION = YES;
				CLANG_WARN_OBJC_ROOT_CLASS = YES_ERROR;
				CLANG_WARN_QUOTED_INCLUDE_IN_FRAMEWORK_HEADER = YES;
				CLANG_WARN_RANGE_LOOP_ANALYSIS = YES;
				CLANG_WARN_STRICT_PROTOTYPES = YES;
				CLANG_WARN_SUSPICIOUS_MOVE = YES;
				CLANG_WARN_UNGUARDED_AVAILABILITY = YES_AGGRESSIVE;
				CLANG_WARN_UNREACHABLE_CODE = YES;
				CLANG_WARN__DUPLICATE_METHOD_MATCH = YES;
				COPY_PHASE_STRIP = NO;
				DEBUG_INFORMATION_FORMAT = dwarf;
				ENABLE_STRICT_OBJC_MSGSEND = YES;
				ENABLE_TESTABILITY = YES;
				GCC_C_LANGUAGE_STANDARD = gnu11;
				GCC_DYNAMIC_NO_PIC = NO;
				GCC_NO_COMMON_BLOCKS = YES;
				GCC_OPTIMIZATION_LEVEL = 0;
				GCC_PREPROCESSOR_DEFINITIONS = (
					"DEBUG=1",
					"$(inherited)",
				);
				GCC_WARN_64_TO_32_BIT_CONVERSION = YES;
				GCC_WARN_ABOUT_RETURN_TYPE = YES_ERROR;
				GCC_WARN_UNDECLARED_SELECTOR = YES;
				GCC_WARN_UNINITIALIZED_AUTOS = YES_AGGRESSIVE;
				GCC_WARN_UNUSED_FUNCTION = YES;
				GCC_WARN_UNUSED_VARIABLE = YES;
				IPHONEOS_DEPLOYMENT_TARGET = 14.4;
				MTL_ENABLE_DEBUG_INFO = INCLUDE_SOURCE;
				MTL_FAST_MATH = YES;
				ONLY_ACTIVE_ARCH = YES;
				SDKROOT = iphoneos;
				SWIFT_ACTIVE_COMPILATION_CONDITIONS = DEBUG;
				SWIFT_OPTIMIZATION_LEVEL = "-Onone";
			};
			name = Debug;
		};
		7989E68625D6907A00CE21A8 /* Release */ = {
			isa = XCBuildConfiguration;
			buildSettings = {
				ALWAYS_SEARCH_USER_PATHS = NO;
				CLANG_ANALYZER_NONNULL = YES;
				CLANG_ANALYZER_NUMBER_OBJECT_CONVERSION = YES_AGGRESSIVE;
				CLANG_CXX_LANGUAGE_STANDARD = "gnu++14";
				CLANG_CXX_LIBRARY = "libc++";
				CLANG_ENABLE_MODULES = YES;
				CLANG_ENABLE_OBJC_ARC = YES;
				CLANG_ENABLE_OBJC_WEAK = YES;
				CLANG_WARN_BLOCK_CAPTURE_AUTORELEASING = YES;
				CLANG_WARN_BOOL_CONVERSION = YES;
				CLANG_WARN_COMMA = YES;
				CLANG_WARN_CONSTANT_CONVERSION = YES;
				CLANG_WARN_DEPRECATED_OBJC_IMPLEMENTATIONS = YES;
				CLANG_WARN_DIRECT_OBJC_ISA_USAGE = YES_ERROR;
				CLANG_WARN_DOCUMENTATION_COMMENTS = YES;
				CLANG_WARN_EMPTY_BODY = YES;
				CLANG_WARN_ENUM_CONVERSION = YES;
				CLANG_WARN_INFINITE_RECURSION = YES;
				CLANG_WARN_INT_CONVERSION = YES;
				CLANG_WARN_NON_LITERAL_NULL_CONVERSION = YES;
				CLANG_WARN_OBJC_IMPLICIT_RETAIN_SELF = YES;
				CLANG_WARN_OBJC_LITERAL_CONVERSION = YES;
				CLANG_WARN_OBJC_ROOT_CLASS = YES_ERROR;
				CLANG_WARN_QUOTED_INCLUDE_IN_FRAMEWORK_HEADER = YES;
				CLANG_WARN_RANGE_LOOP_ANALYSIS = YES;
				CLANG_WARN_STRICT_PROTOTYPES = YES;
				CLANG_WARN_SUSPICIOUS_MOVE = YES;
				CLANG_WARN_UNGUARDED_AVAILABILITY = YES_AGGRESSIVE;
				CLANG_WARN_UNREACHABLE_CODE = YES;
				CLANG_WARN__DUPLICATE_METHOD_MATCH = YES;
				COPY_PHASE_STRIP = NO;
				DEBUG_INFORMATION_FORMAT = "dwarf-with-dsym";
				ENABLE_NS_ASSERTIONS = NO;
				ENABLE_STRICT_OBJC_MSGSEND = YES;
				GCC_C_LANGUAGE_STANDARD = gnu11;
				GCC_NO_COMMON_BLOCKS = YES;
				GCC_WARN_64_TO_32_BIT_CONVERSION = YES;
				GCC_WARN_ABOUT_RETURN_TYPE = YES_ERROR;
				GCC_WARN_UNDECLARED_SELECTOR = YES;
				GCC_WARN_UNINITIALIZED_AUTOS = YES_AGGRESSIVE;
				GCC_WARN_UNUSED_FUNCTION = YES;
				GCC_WARN_UNUSED_VARIABLE = YES;
				IPHONEOS_DEPLOYMENT_TARGET = 14.4;
				MTL_ENABLE_DEBUG_INFO = NO;
				MTL_FAST_MATH = YES;
				SDKROOT = iphoneos;
				SWIFT_COMPILATION_MODE = wholemodule;
				SWIFT_OPTIMIZATION_LEVEL = "-O";
				VALIDATE_PRODUCT = YES;
			};
			name = Release;
		};
		7989E68825D6907A00CE21A8 /* Debug */ = {
			isa = XCBuildConfiguration;
			baseConfigurationReference = C6307603F731024D52E38808 /* Pods-flixster.debug.xcconfig */;
			buildSettings = {
				ASSETCATALOG_COMPILER_APPICON_NAME = AppIcon;
				ASSETCATALOG_COMPILER_GLOBAL_ACCENT_COLOR_NAME = AccentColor;
				CODE_SIGN_STYLE = Automatic;
				DEVELOPMENT_TEAM = 989K9AT72H;
				INFOPLIST_FILE = flixster/Info.plist;
				LD_RUNPATH_SEARCH_PATHS = (
					"$(inherited)",
					"@executable_path/Frameworks",
				);
				PRODUCT_BUNDLE_IDENTIFIER = com.memo.flixster;
				PRODUCT_NAME = "$(TARGET_NAME)";
				SWIFT_VERSION = 5.0;
				TARGETED_DEVICE_FAMILY = "1,2";
			};
			name = Debug;
		};
		7989E68925D6907A00CE21A8 /* Release */ = {
			isa = XCBuildConfiguration;
			baseConfigurationReference = B2E9BB1F1DBEA3F19E7A1D6D /* Pods-flixster.release.xcconfig */;
			buildSettings = {
				ASSETCATALOG_COMPILER_APPICON_NAME = AppIcon;
				ASSETCATALOG_COMPILER_GLOBAL_ACCENT_COLOR_NAME = AccentColor;
				CODE_SIGN_STYLE = Automatic;
				DEVELOPMENT_TEAM = 989K9AT72H;
				INFOPLIST_FILE = flixster/Info.plist;
				LD_RUNPATH_SEARCH_PATHS = (
					"$(inherited)",
					"@executable_path/Frameworks",
				);
				PRODUCT_BUNDLE_IDENTIFIER = com.memo.flixster;
				PRODUCT_NAME = "$(TARGET_NAME)";
				SWIFT_VERSION = 5.0;
				TARGETED_DEVICE_FAMILY = "1,2";
			};
			name = Release;
		};
/* End XCBuildConfiguration section */

/* Begin XCConfigurationList section */
		7989E66E25D6907900CE21A8 /* Build configuration list for PBXProject "flixster" */ = {
			isa = XCConfigurationList;
			buildConfigurations = (
				7989E68525D6907A00CE21A8 /* Debug */,
				7989E68625D6907A00CE21A8 /* Release */,
			);
			defaultConfigurationIsVisible = 0;
			defaultConfigurationName = Release;
		};
		7989E68725D6907A00CE21A8 /* Build configuration list for PBXNativeTarget "flixster" */ = {
			isa = XCConfigurationList;
			buildConfigurations = (
				7989E68825D6907A00CE21A8 /* Debug */,
				7989E68925D6907A00CE21A8 /* Release */,
			);
			defaultConfigurationIsVisible = 0;
			defaultConfigurationName = Release;
		};
/* End XCConfigurationList section */
	};
	rootObject = 7989E66B25D6907900CE21A8 /* Project object */;
}
